lockfileVersion: '9.0'

settings:
  autoInstallPeers: true
  excludeLinksFromLockfile: false

importers:

  .:
    dependencies:
      '@codemirror/commands':
        specifier: ^6.10.4
        version: 6.10.4
      '@codemirror/lang-javascript':
        specifier: ^6.2.5
        version: 6.2.5
      '@codemirror/lang-markdown':
        specifier: ^6.5.0
        version: 6.5.0
      '@codemirror/language':
        specifier: ^6.12.4
        version: 6.12.4
      '@codemirror/state':
        specifier: ^6.7.0
        version: 6.7.0
      '@codemirror/theme-one-dark':
        specifier: ^6.1.3
        version: 6.1.3
      '@codemirror/view':
        specifier: ^6.43.1
        version: 6.43.1
      '@lezer/highlight':
        specifier: ^1.2.3
        version: 1.2.3
      '@md-latex/transpiler':
        specifier: workspace:*
        version: link:../../packages/transpiler
      '@octokit/rest':
        specifier: ^22.0.1
        version: 22.0.1
      codemirror:
        specifier: ^6.0.2
        version: 6.0.2
      idb:
        specifier: ^8.0.3
        version: 8.0.3
      js-yaml:
        specifier: ^4.3.0
        version: 4.3.0
      jszip:
        specifier: ^3.10.1
        version: 3.10.1
      katex:
        specifier: ^0.17.0
        version: 0.17.0
      next:
        specifier: 16.2.10
        version: 16.2.10(@babel/core@7.29.7)(react-dom@19.2.7(react@19.2.7))(react@19.2.7)
      react:
        specifier: 19.2.7
        version: 19.2.7
      react-dom:
        specifier: 19.2.7
        version: 19.2.7(react@19.2.7)
      rehype-katex:
        specifier: ^7.0.1
        version: 7.0.1
      rehype-stringify:
        specifier: ^10.0.1
        version: 10.0.1
      remark-frontmatter:
        specifier: ^5.0.0
        version: 5.0.0
      remark-gfm:
        specifier: ^4.0.0
        version: 4.0.1
      remark-math:
        specifier: ^6.0.0
        version: 6.0.0
      remark-parse:
        specifier: ^11.0.0
        version: 11.0.0
      remark-rehype:
        specifier: ^11.1.2
        version: 11.1.2
      unified:
        specifier: ^11.0.5
        version: 11.0.5
      zustand:
        specifier: ^5.0.14
        version: 5.0.14(@types/react@19.2.17)(react@19.2.7)
    devDependencies:
      '@tailwindcss/postcss':
        specifier: ^4
        version: 4.3.2
      '@types/jszip':
        specifier: ^3.4.1
        version: 3.4.1
      '@types/katex':
        specifier: ^0.16.8
        version: 0.16.8
      '@types/node':
        specifier: ^20
        version: 20.19.43
      '@types/react':
        specifier: ^19
        version: 19.2.17
      '@types/react-dom':
        specifier: ^19
        version: 19.2.3(@types/react@19.2.17)
      eslint:
        specifier: ^9
        version: 9.39.4(jiti@2.7.0)
      eslint-config-next:
        specifier: 16.2.10
        version: 16.2.10(@typescript-eslint/parser@8.62.1(eslint@9.39.4(jiti@2.7.0))(typescript@5.9.3))(eslint@9.39.4(jiti@2.7.0))(typescript@5.9.3)
      tailwindcss:
        specifier: ^4
        version: 4.3.2
      typescript:
        specifier: ^5
        version: 5.9.3

packages:

  '@alloc/quick-lru@5.2.0':
    resolution: {integrity: sha512-UrcABB+4bUrFABwbluTIBErXwvbsU/V7TZWfmbgJfbkwiBuziS9gxdODUyuiecfdGQ85jglMW6juS3+z5TsKLw==}
    engines: {node: '>=10'}

  '@codemirror/commands@6.10.4':
    resolution: {integrity: sha512-Ryk9y9T0FFVF0cUGhAknveAyUOl/A1qReTFi+qPKtOh2Z9F4AUBz3XOrYD4ZEgZirdugVzHvd/2/Wcwy5OliTg==}

  '@codemirror/language@6.12.4':
    resolution: {integrity: sha512-1q4PaT+o6PbgpkJt4Q8Fv5XJxTy4FUZ4MWETtyiDw3J0Pyr9E2vqcKL+k9wcvjNTIsauxvE7OfmWj3FRPHQ76A==}

  '@codemirror/state@6.7.0':
    resolution: {integrity: sha512-Zbl9NyscLMZkfXPQnNAIIAFftidrA1UbcJEIMp24C0Bukc2I5T8wJS0wsXYsnDOqCFJUeJ1BITGNs5CqPDSmSg==}

  '@codemirror/view@6.43.1':
    resolution: {integrity: sha512-+BIjw/AG3tDQ4pJgTLPYdAW25eDE66YsvM4LKyVPgGzVgZ4a9Wj1SRX8kPVKgBDdPt8oHtZ15F0qx7p0oOHdHw==}

  '@types/node@20.19.43':
    resolution: {integrity: sha512-ECymXOukMnOoVkC2bb1Vc/w/836DXncOg5m8Xj1RH7xSHZJWNYY6Zh7EH477vcnD5egKNNfy2RpNOmuChhFPgQ==}

  '@types/react@19.2.17':
    resolution: {integrity: sha512-eRwcGNHve+E8qtEQSSRl6urh+rFop4v8gm6O8rGv25CodbvFdLjA1vVQ1KkiFE0w0UPOnb8tDiFKL5lp0rtY5Q==}

  zustand@5.0.14:
    resolution: {integrity: sha512-Vw+E7G+lD0SvBYKo75PqBgaBnIv8A0Lf8C8d27Q8JvYH1Z/yF/H/YwAVbDpT7p/lXQhELIEMaVfN6MKcQQaVA==}
    peerDependencies:
      '@types/react': ^16.8 || ^17.0 || ^18.0 || ^19.0
    peerDependenciesMeta:
      '@types/react':
        optional: true
